PODS:
  - MediaPipeHands (1.4)

DEPENDENCIES:
  - MediaPipeHands (from `https://github.com/szotp-lc/HandTracker/releases/download/1.4/MediaPipeHands.podspec`)

EXTERNAL SOURCES:
  MediaPipeHands:
    :podspec: https://github.com/szotp-lc/HandTracker/releases/download/1.4/MediaPipeHands.podspec

SPEC CHECKSUMS:
  MediaPipeHands: 1be983fe7f7f1023afe8758bed65eea1308ffc6a

PODFILE CHECKSUM: 39af14d791a27b133007f2852a9c5700ac615e12

COCOAPODS: 1.11.3
